
Microsoft Visual Studio Solution File, Format Version 12.00
# Visual Studio Version 17
VisualStudioVersion = 17.7.34024.191
MinimumVisualStudioVersion = 10.0.40219.1
Project("{9A19103F-16F7-4668-BE54-9A1E7A4F7556}") = "GerenciadorDeViagem", "GerenciadorDeViagem.csproj", "{06C3893D-9ACD-40A2-B803-BAA9808755C1}"
EndProject
Global
	GlobalSection(SolutionConfigurationPlatforms) = preSolution
		Debug|Any CPU = Debug|Any CPU
		Release|Any CPU = Release|Any CPU
	EndGlobalSection
	GlobalSection(ProjectConfigurationPlatforms) = postSolution
		{06C3893D-9ACD-40A2-B803-BAA9808755C1}.Debug|Any CPU.ActiveCfg = Debug|Any CPU
		{06C3893D-9ACD-40A2-B803-BAA9808755C1}.Debug|Any CPU.Build.0 = Debug|Any CPU
		{06C3893D-9ACD-40A2-B803-BAA9808755C1}.Release|Any CPU.ActiveCfg = Release|Any CPU
		{06C3893D-9ACD-40A2-B803-BAA9808755C1}.Release|Any CPU.Build.0 = Release|Any CPU
	EndGlobalSection
	GlobalSection(SolutionProperties) = preSolution
		HideSolutionNode = FALSE
	EndGlobalSection
	GlobalSection(ExtensibilityGlobals) = postSolution
		SolutionGuid = {2955F1E9-AE6A-442C-A843-1FBBA41530BA}
	EndGlobalSection
EndGlobal
